<?xml version="1.0" encoding="utf-8"?>
<Project ToolsVersion="4.0" xmlns="http://schemas.microsoft.com/developer/msbuild/2003">
  <ItemGroup>
    <Filter Include="Fichiers sources">
      <UniqueIdentifier>{4FC737F1-C7A5-4376-A066-2A32D752A2FF}</UniqueIdentifier>
      <Extensions>cpp;c;cc;cxx;c++;cppm;ixx;def;odl;idl;hpj;bat;asm;asmx</Extensions>
    </Filter>
    <Filter Include="Fichiers d%27en-tête">
      <UniqueIdentifier>{93995380-89BD-4b04-88EB-625FBE52EBFB}</UniqueIdentifier>
      <Extensions>h;hh;hpp;hxx;h++;hm;inl;inc;ipp;xsd</Extensions>
    </Filter>
    <Filter Include="Fichiers de ressources">
      <UniqueIdentifier>{67DA6AB6-F800-4c08-8B7A-83BB121AAD01}</UniqueIdentifier>
      <Extensions>rc;ico;cur;bmp;dlg;rc2;rct;bin;rgs;gif;jpg;jpeg;jpe;resx;tiff;tif;png;wav;mfcribbon-ms</Extensions>
    </Filter>
    <Filter Include="Fichiers sources\Primitives">
      <UniqueIdentifier>{71b885f7-88c4-49bb-afaa-989090461f54}</UniqueIdentifier>
    </Filter>
    <Filter Include="Fichiers d%27en-tête\Primitives">
      <UniqueIdentifier>{72156f73-6c4b-4dd7-8b0c-5cac431a1717}</UniqueIdentifier>
    </Filter>
    <Filter Include="Fichiers d%27en-tête\Others">
      <UniqueIdentifier>{fa2c11ff-7d77-46fc-ab47-baa1ee9c33d9}</UniqueIdentifier>
    </Filter>
    <Filter Include="Fichiers sources\Maths">
      <UniqueIdentifier>{c9ecbc94-f830-4e6c-98ce-13a67a3e12e1}</UniqueIdentifier>
    </Filter>
    <Filter Include="Fichiers d%27en-tête\Maths">
      <UniqueIdentifier>{27a37e23-0af4-42b4-9788-c0af7dacc290}</UniqueIdentifier>
    </Filter>
    <Filter Include="Fichiers d%27en-tête\Graphics">
      <UniqueIdentifier>{dd59f2f5-f6f6-4bf8-8e6f-52c6df05b686}</UniqueIdentifier>
    </Filter>
    <Filter Include="Fichiers sources\Graphics">
      <UniqueIdentifier>{8e95ab6e-19cd-4502-9c7d-c9de8b4801ec}</UniqueIdentifier>
    </Filter>
  </ItemGroup>
  <ItemGroup>
    <ClInclude Include="Char.h">
      <Filter>Fichiers d%27en-tête\Primitives</Filter>
    </ClInclude>
    <ClInclude Include="Debug.h">
      <Filter>Fichiers d%27en-tête</Filter>
    </ClInclude>
    <ClInclude Include="framework.h">
      <Filter>Fichiers d%27en-tête\Others</Filter>
    </ClInclude>
    <ClInclude Include="Vector.h">
      <Filter>Fichiers d%27en-tête\Maths</Filter>
    </ClInclude>
    <ClInclude Include="Vector2.h">
      <Filter>Fichiers d%27en-tête\Maths</Filter>
    </ClInclude>
    <ClInclude Include="GraphicComponent.h">
      <Filter>Fichiers d%27en-tête\Graphics</Filter>
    </ClInclude>
    <ClInclude Include="Frame.h">
      <Filter>Fichiers d%27en-tête\Graphics</Filter>
    </ClInclude>
    <ClInclude Include="Ascii.h">
      <Filter>Fichiers d%27en-tête\Graphics</Filter>
    </ClInclude>
    <ClInclude Include="Color.h">
      <Filter>Fichiers d%27en-tête\Graphics</Filter>
    </ClInclude>
    <ClInclude Include="Console.h">
      <Filter>Fichiers d%27en-tête\Graphics</Filter>
    </ClInclude>
    <ClInclude Include="Button.h">
      <Filter>Fichiers d%27en-tête\Graphics</Filter>
    </ClInclude>
    <ClInclude Include="RichText.h">
      <Filter>Fichiers d%27en-tête\Graphics</Filter>
    </ClInclude>
    <ClInclude Include="Menu.h">
      <Filter>Fichiers d%27en-tête\Graphics</Filter>
    </ClInclude>
  </ItemGroup>
  <ItemGroup>
    <ClCompile Include="Char.cpp">
      <Filter>Fichiers sources\Primitives</Filter>
    </ClCompile>
    <ClCompile Include="Debug.cpp">
      <Filter>Fichiers sources</Filter>
    </ClCompile>
    <ClCompile Include="Vector.cpp">
      <Filter>Fichiers sources\Maths</Filter>
    </ClCompile>
    <ClCompile Include="Vector2.cpp">
      <Filter>Fichiers sources\Maths</Filter>
    </ClCompile>
    <ClCompile Include="GraphicComponent.cpp">
      <Filter>Fichiers sources\Graphics</Filter>
    </ClCompile>
    <ClCompile Include="Frame.cpp">
      <Filter>Fichiers sources\Graphics</Filter>
    </ClCompile>
    <ClCompile Include="Console.cpp">
      <Filter>Fichiers sources\Graphics</Filter>
    </ClCompile>
    <ClCompile Include="RichText.cpp">
      <Filter>Fichiers sources\Graphics</Filter>
    </ClCompile>
    <ClCompile Include="Color.cpp">
      <Filter>Fichiers sources\Graphics</Filter>
    </ClCompile>
    <ClCompile Include="Button.cpp">
      <Filter>Fichiers sources\Graphics</Filter>
    </ClCompile>
    <ClCompile Include="Menu.cpp">
      <Filter>Fichiers sources\Graphics</Filter>
    </ClCompile>
  </ItemGroup>
</Project>